
Microsoft Visual Studio Solution File, Format Version 12.00
# Visual Studio 15
VisualStudioVersion = 15.0.27703.1
MinimumVisualStudioVersion = 10.0.40219.1
Project("{888888A0-9F3D-457C-B088-3A5042F75D52}") = "altPonto", "altPonto\altPonto.pyproj", "{20ED5AE4-208E-474E-9750-5724AB2AAB8D}"
EndProject
Global
	GlobalSection(SolutionConfigurationPlatforms) = preSolution
		Debug|Any CPU = Debug|Any CPU
		Release|Any CPU = Release|Any CPU
	EndGlobalSection
	GlobalSection(ProjectConfigurationPlatforms) = postSolution
		{20ED5AE4-208E-474E-9750-5724AB2AAB8D}.Debug|Any CPU.ActiveCfg = Debug|Any CPU
		{20ED5AE4-208E-474E-9750-5724AB2AAB8D}.Release|Any CPU.ActiveCfg = Release|Any CPU
	EndGlobalSection
	GlobalSection(SolutionProperties) = preSolution
		HideSolutionNode = FALSE
	EndGlobalSection
	GlobalSection(ExtensibilityGlobals) = postSolution
		SolutionGuid = {FA01B37B-498E-4BE8-B6DD-73A31F14079B}
	EndGlobalSection
EndGlobal
